
Microsoft Visual Studio Solution File, Format Version 12.00
# Visual Studio Version 16
VisualStudioVersion = 16.0.30330.147
MinimumVisualStudioVersion = 10.0.40219.1
Project("{2150E333-8FDC-42A3-9474-1A3956D46DE8}") = "src", "src", "{EAC25C8A-5F9F-4A93-9543-ED4BABF2C342}"
EndProject
Project("{2150E333-8FDC-42A3-9474-1A3956D46DE8}") = "Catalog", "Catalog", "{FF895B2A-60DB-4214-A293-4390F7A462A2}"
EndProject
Project("{9A19103F-16F7-4668-BE54-9A1E7A4F7556}") = "Catalog.API", "src\Catalog\Catalog.API\Catalog.API.csproj", "{B2F69BAE-633D-4E02-9347-DB36AFFD33DE}"
EndProject
Project("{2150E333-8FDC-42A3-9474-1A3956D46DE8}") = "Basket", "Basket", "{9BEF07F5-8D43-479A-94A4-E5CFDDDEDA39}"
EndProject
Project("{9A19103F-16F7-4668-BE54-9A1E7A4F7556}") = "Basket.API", "src\Basket\Basket.API\Basket.API.csproj", "{82946D7A-E811-47ED-B2D8-F1DE11F47E8D}"
EndProject
Project("{2150E333-8FDC-42A3-9474-1A3956D46DE8}") = "Common", "Common", "{F293D2EA-A4C0-4E5F-AD64-C4F419F9143C}"
EndProject
Project("{9A19103F-16F7-4668-BE54-9A1E7A4F7556}") = "EventBusRabbitMQ", "src\Common\EventBusRabbitMQ\EventBusRabbitMQ.csproj", "{6A2CA940-C47B-4526-A136-2438B80F8AED}"
EndProject
Project("{2150E333-8FDC-42A3-9474-1A3956D46DE8}") = "Ordering", "Ordering", "{DB6BEDEF-1EE4-426A-A38F-BE628B9CAFC9}"
EndProject
Project("{FAE04EC0-301F-11D3-BF4B-00C04F79EFBC}") = "Ordering.API", "src\Ordering\Ordering.API\Ordering.API.csproj", "{9072F790-A6C0-494D-A562-72F2DF16DECE}"
EndProject
Project("{FAE04EC0-301F-11D3-BF4B-00C04F79EFBC}") = "Ordering.Core", "src\Ordering\Ordering.Core\Ordering.Core.csproj", "{09CDE903-6F74-464B-8681-F8A22CE21E18}"
EndProject
Project("{FAE04EC0-301F-11D3-BF4B-00C04F79EFBC}") = "Ordering.Infrastructre", "src\Ordering\Ordering.Infrastructre\Ordering.Infrastructre.csproj", "{0080145B-F684-46D7-88F5-9E1D22774DB9}"
EndProject
Project("{FAE04EC0-301F-11D3-BF4B-00C04F79EFBC}") = "Ordering.Application", "src\Ordering\Ordering.Application\Ordering.Application.csproj", "{D6D51726-B6D8-406E-990E-F60196F66154}"
EndProject
Global
	GlobalSection(SolutionConfigurationPlatforms) = preSolution
		Debug|Any CPU = Debug|Any CPU
		Release|Any CPU = Release|Any CPU
	EndGlobalSection
	GlobalSection(ProjectConfigurationPlatforms) = postSolution
		{B2F69BAE-633D-4E02-9347-DB36AFFD33DE}.Debug|Any CPU.ActiveCfg = Debug|Any CPU
		{B2F69BAE-633D-4E02-9347-DB36AFFD33DE}.Debug|Any CPU.Build.0 = Debug|Any CPU
		{B2F69BAE-633D-4E02-9347-DB36AFFD33DE}.Release|Any CPU.ActiveCfg = Release|Any CPU
		{B2F69BAE-633D-4E02-9347-DB36AFFD33DE}.Release|Any CPU.Build.0 = Release|Any CPU
		{82946D7A-E811-47ED-B2D8-F1DE11F47E8D}.Debug|Any CPU.ActiveCfg = Debug|Any CPU
		{82946D7A-E811-47ED-B2D8-F1DE11F47E8D}.Debug|Any CPU.Build.0 = Debug|Any CPU
		{82946D7A-E811-47ED-B2D8-F1DE11F47E8D}.Release|Any CPU.ActiveCfg = Release|Any CPU
		{82946D7A-E811-47ED-B2D8-F1DE11F47E8D}.Release|Any CPU.Build.0 = Release|Any CPU
		{6A2CA940-C47B-4526-A136-2438B80F8AED}.Debug|Any CPU.ActiveCfg = Debug|Any CPU
		{6A2CA940-C47B-4526-A136-2438B80F8AED}.Debug|Any CPU.Build.0 = Debug|Any CPU
		{6A2CA940-C47B-4526-A136-2438B80F8AED}.Release|Any CPU.ActiveCfg = Release|Any CPU
		{6A2CA940-C47B-4526-A136-2438B80F8AED}.Release|Any CPU.Build.0 = Release|Any CPU
		{9072F790-A6C0-494D-A562-72F2DF16DECE}.Debug|Any CPU.ActiveCfg = Debug|Any CPU
		{9072F790-A6C0-494D-A562-72F2DF16DECE}.Debug|Any CPU.Build.0 = Debug|Any CPU
		{9072F790-A6C0-494D-A562-72F2DF16DECE}.Release|Any CPU.ActiveCfg = Release|Any CPU
		{9072F790-A6C0-494D-A562-72F2DF16DECE}.Release|Any CPU.Build.0 = Release|Any CPU
		{09CDE903-6F74-464B-8681-F8A22CE21E18}.Debug|Any CPU.ActiveCfg = Debug|Any CPU
		{09CDE903-6F74-464B-8681-F8A22CE21E18}.Debug|Any CPU.Build.0 = Debug|Any CPU
		{09CDE903-6F74-464B-8681-F8A22CE21E18}.Release|Any CPU.ActiveCfg = Release|Any CPU
		{09CDE903-6F74-464B-8681-F8A22CE21E18}.Release|Any CPU.Build.0 = Release|Any CPU
		{0080145B-F684-46D7-88F5-9E1D22774DB9}.Debug|Any CPU.ActiveCfg = Debug|Any CPU
		{0080145B-F684-46D7-88F5-9E1D22774DB9}.Debug|Any CPU.Build.0 = Debug|Any CPU
		{0080145B-F684-46D7-88F5-9E1D22774DB9}.Release|Any CPU.ActiveCfg = Release|Any CPU
		{0080145B-F684-46D7-88F5-9E1D22774DB9}.Release|Any CPU.Build.0 = Release|Any CPU
		{D6D51726-B6D8-406E-990E-F60196F66154}.Debug|Any CPU.ActiveCfg = Debug|Any CPU
		{D6D51726-B6D8-406E-990E-F60196F66154}.Debug|Any CPU.Build.0 = Debug|Any CPU
		{D6D51726-B6D8-406E-990E-F60196F66154}.Release|Any CPU.ActiveCfg = Release|Any CPU
		{D6D51726-B6D8-406E-990E-F60196F66154}.Release|Any CPU.Build.0 = Release|Any CPU
	EndGlobalSection
	GlobalSection(SolutionProperties) = preSolution
		HideSolutionNode = FALSE
	EndGlobalSection
	GlobalSection(NestedProjects) = preSolution
		{FF895B2A-60DB-4214-A293-4390F7A462A2} = {EAC25C8A-5F9F-4A93-9543-ED4BABF2C342}
		{B2F69BAE-633D-4E02-9347-DB36AFFD33DE} = {FF895B2A-60DB-4214-A293-4390F7A462A2}
		{9BEF07F5-8D43-479A-94A4-E5CFDDDEDA39} = {EAC25C8A-5F9F-4A93-9543-ED4BABF2C342}
		{82946D7A-E811-47ED-B2D8-F1DE11F47E8D} = {9BEF07F5-8D43-479A-94A4-E5CFDDDEDA39}
		{F293D2EA-A4C0-4E5F-AD64-C4F419F9143C} = {EAC25C8A-5F9F-4A93-9543-ED4BABF2C342}
		{6A2CA940-C47B-4526-A136-2438B80F8AED} = {F293D2EA-A4C0-4E5F-AD64-C4F419F9143C}
		{DB6BEDEF-1EE4-426A-A38F-BE628B9CAFC9} = {EAC25C8A-5F9F-4A93-9543-ED4BABF2C342}
		{9072F790-A6C0-494D-A562-72F2DF16DECE} = {DB6BEDEF-1EE4-426A-A38F-BE628B9CAFC9}
		{09CDE903-6F74-464B-8681-F8A22CE21E18} = {DB6BEDEF-1EE4-426A-A38F-BE628B9CAFC9}
		{0080145B-F684-46D7-88F5-9E1D22774DB9} = {DB6BEDEF-1EE4-426A-A38F-BE628B9CAFC9}
		{D6D51726-B6D8-406E-990E-F60196F66154} = {DB6BEDEF-1EE4-426A-A38F-BE628B9CAFC9}
	EndGlobalSection
	GlobalSection(ExtensibilityGlobals) = postSolution
		SolutionGuid = {4B48C9B9-F1E8-4D4A-836D-CF0160C82709}
	EndGlobalSection
EndGlobal
